Microsoft Visual Studio Solution File, Format Version 11.00
# Visual Studio 2008

Project("{EAE166AF-BC10-6D10-1DB4-C88FECA9A937}") = "FuzzyLogic.01", "Assembly-CSharp.csproj", "{5CF8CD9B-6025-FD1F-37FF-47F3F85D84A8}"
EndProject
Project("{EAE166AF-BC10-6D10-1DB4-C88FECA9A937}") = "FuzzyLogic.01", "Assembly-UnityScript.unityproj", "{E78822AD-0D0A-BEB6-82A3-AAAA92E7D899}"
EndProject
Project("{EAE166AF-BC10-6D10-1DB4-C88FECA9A937}") = "FuzzyLogic.01", "Assembly-UnityScript-Editor.unityproj", "{D3BC2DFE-6E2B-9346-E7D4-97656B5D2A4C}"
EndProject
Global
	GlobalSection(SolutionConfigurationPlatforms) = preSolution
		Debug|Any CPU = Debug|Any CPU
		Release|Any CPU = Release|Any CPU
	EndGlobalSection
	GlobalSection(ProjectConfigurationPlatforms) = postSolution
		{5CF8CD9B-6025-FD1F-37FF-47F3F85D84A8}.Debug|Any CPU.ActiveCfg = Debug|Any CPU
		{5CF8CD9B-6025-FD1F-37FF-47F3F85D84A8}.Debug|Any CPU.Build.0 = Debug|Any CPU
		{5CF8CD9B-6025-FD1F-37FF-47F3F85D84A8}.Release|Any CPU.ActiveCfg = Release|Any CPU
		{5CF8CD9B-6025-FD1F-37FF-47F3F85D84A8}.Release|Any CPU.Build.0 = Release|Any CPU
		{E78822AD-0D0A-BEB6-82A3-AAAA92E7D899}.Debug|Any CPU.ActiveCfg = Debug|Any CPU
		{E78822AD-0D0A-BEB6-82A3-AAAA92E7D899}.Debug|Any CPU.Build.0 = Debug|Any CPU
		{E78822AD-0D0A-BEB6-82A3-AAAA92E7D899}.Release|Any CPU.ActiveCfg = Release|Any CPU
		{E78822AD-0D0A-BEB6-82A3-AAAA92E7D899}.Release|Any CPU.Build.0 = Release|Any CPU
		{D3BC2DFE-6E2B-9346-E7D4-97656B5D2A4C}.Debug|Any CPU.ActiveCfg = Debug|Any CPU
		{D3BC2DFE-6E2B-9346-E7D4-97656B5D2A4C}.Debug|Any CPU.Build.0 = Debug|Any CPU
		{D3BC2DFE-6E2B-9346-E7D4-97656B5D2A4C}.Release|Any CPU.ActiveCfg = Release|Any CPU
		{D3BC2DFE-6E2B-9346-E7D4-97656B5D2A4C}.Release|Any CPU.Build.0 = Release|Any CPU
	EndGlobalSection
	GlobalSection(SolutionProperties) = preSolution
		HideSolutionNode = FALSE
	EndGlobalSection
																				GlobalSection(MonoDevelopProperties) = preSolution
		StartupItem = Assembly-CSharp.csproj
		Policies = $0
		$0.TextStylePolicy = $1
		$1.inheritsSet = null
		$1.scope = text/x-csharp
		$0.CSharpFormattingPolicy = $2
		$2.inheritsSet = Mono
		$2.inheritsScope = text/x-csharp
		$2.scope = text/x-csharp
		$0.TextStylePolicy = $3
		$3.FileWidth = 120
		$3.TabWidth = 4
		$3.IndentWidth = 4
		$3.EolMarker = Unix
		$3.inheritsSet = Mono
		$3.inheritsScope = text/plain
		$3.scope = text/plain
	EndGlobalSection

EndGlobal
