Microsoft Visual Studio Solution File, Format Version 11.00
# Visual Studio 2008

Project("{E298BC3C-929D-5404-EBF2-DB8DF210082B}") = "MateState.01", "Assembly-CSharp.csproj", "{E6A77E2E-11AC-068B-B7D2-7676E214E8DF}"
EndProject
Project("{E298BC3C-929D-5404-EBF2-DB8DF210082B}") = "MateState.01", "Assembly-UnityScript.unityproj", "{C3AB40B9-B802-1D75-C6A7-90773B40D918}"
EndProject
Project("{E298BC3C-929D-5404-EBF2-DB8DF210082B}") = "MateState.01", "Assembly-UnityScript-Editor.unityproj", "{103C77A8-C659-784C-DEB5-C2B81E71DAE1}"
EndProject
Global
	GlobalSection(SolutionConfigurationPlatforms) = preSolution
		Debug|Any CPU = Debug|Any CPU
		Release|Any CPU = Release|Any CPU
	EndGlobalSection
	GlobalSection(ProjectConfigurationPlatforms) = postSolution
		{E6A77E2E-11AC-068B-B7D2-7676E214E8DF}.Debug|Any CPU.ActiveCfg = Debug|Any CPU
		{E6A77E2E-11AC-068B-B7D2-7676E214E8DF}.Debug|Any CPU.Build.0 = Debug|Any CPU
		{E6A77E2E-11AC-068B-B7D2-7676E214E8DF}.Release|Any CPU.ActiveCfg = Release|Any CPU
		{E6A77E2E-11AC-068B-B7D2-7676E214E8DF}.Release|Any CPU.Build.0 = Release|Any CPU
		{C3AB40B9-B802-1D75-C6A7-90773B40D918}.Debug|Any CPU.ActiveCfg = Debug|Any CPU
		{C3AB40B9-B802-1D75-C6A7-90773B40D918}.Debug|Any CPU.Build.0 = Debug|Any CPU
		{C3AB40B9-B802-1D75-C6A7-90773B40D918}.Release|Any CPU.ActiveCfg = Release|Any CPU
		{C3AB40B9-B802-1D75-C6A7-90773B40D918}.Release|Any CPU.Build.0 = Release|Any CPU
		{103C77A8-C659-784C-DEB5-C2B81E71DAE1}.Debug|Any CPU.ActiveCfg = Debug|Any CPU
		{103C77A8-C659-784C-DEB5-C2B81E71DAE1}.Debug|Any CPU.Build.0 = Debug|Any CPU
		{103C77A8-C659-784C-DEB5-C2B81E71DAE1}.Release|Any CPU.ActiveCfg = Release|Any CPU
		{103C77A8-C659-784C-DEB5-C2B81E71DAE1}.Release|Any CPU.Build.0 = Release|Any CPU
	EndGlobalSection
	GlobalSection(SolutionProperties) = preSolution
		HideSolutionNode = FALSE
	EndGlobalSection
				GlobalSection(MonoDevelopProperties) = preSolution
		StartupItem = Assembly-CSharp.csproj
		Policies = $0
		$0.TextStylePolicy = $1
		$1.inheritsSet = null
		$1.scope = text/x-csharp
		$0.CSharpFormattingPolicy = $2
		$2.inheritsSet = Mono
		$2.inheritsScope = text/x-csharp
		$2.scope = text/x-csharp
		$0.TextStylePolicy = $3
		$3.FileWidth = 120
		$3.TabWidth = 4
		$3.IndentWidth = 4
		$3.EolMarker = Unix
		$3.inheritsSet = Mono
		$3.inheritsScope = text/plain
		$3.scope = text/plain
	EndGlobalSection

EndGlobal
