Microsoft Visual Studio Solution File, Format Version 11.00
# Visual Studio 2008

Project("{C3CE63F9-4422-21C6-408E-D71A62532E1C}") = "ThesisVersion.03", "Assembly-CSharp-vs.csproj", "{B87E280C-8C60-5574-BB56-B461F0E78894}"
EndProject
Global
	GlobalSection(SolutionConfigurationPlatforms) = preSolution
		Debug|Any CPU = Debug|Any CPU
		Release|Any CPU = Release|Any CPU
	EndGlobalSection
	GlobalSection(ProjectConfigurationPlatforms) = postSolution
		{B87E280C-8C60-5574-BB56-B461F0E78894}.Debug|Any CPU.ActiveCfg = Debug|Any CPU
		{B87E280C-8C60-5574-BB56-B461F0E78894}.Debug|Any CPU.Build.0 = Debug|Any CPU
		{B87E280C-8C60-5574-BB56-B461F0E78894}.Release|Any CPU.ActiveCfg = Release|Any CPU
		{B87E280C-8C60-5574-BB56-B461F0E78894}.Release|Any CPU.Build.0 = Release|Any CPU
	EndGlobalSection
	GlobalSection(SolutionProperties) = preSolution
		HideSolutionNode = FALSE
	EndGlobalSection
												GlobalSection(MonoDevelopProperties) = preSolution
		StartupItem = Assembly-CSharp.csproj
		Policies = $0
		$0.TextStylePolicy = $1
		$1.inheritsSet = null
		$1.scope = text/x-csharp
		$0.CSharpFormattingPolicy = $2
		$2.inheritsSet = Mono
		$2.inheritsScope = text/x-csharp
		$2.scope = text/x-csharp
		$0.TextStylePolicy = $3
		$3.FileWidth = 120
		$3.TabWidth = 4
		$3.EolMarker = Unix
		$3.inheritsSet = Mono
		$3.inheritsScope = text/plain
		$3.scope = text/plain
	EndGlobalSection

EndGlobal
